
Microsoft Visual Studio Solution File, Format Version 12.00
# Visual Studio 15
VisualStudioVersion = 15.0.28010.2016
MinimumVisualStudioVersion = 10.0.40219.1
Project("{FAE04EC0-301F-11D3-BF4B-00C04F79EFBC}") = "PPFChallenge6", "PPFChallenge6\PPFChallenge6.csproj", "{7D33AA1D-5322-49E1-BF89-FD2C0F3804F0}"
EndProject
Global
	GlobalSection(SolutionConfigurationPlatforms) = preSolution
		Debug|Any CPU = Debug|Any CPU
		Release|Any CPU = Release|Any CPU
	EndGlobalSection
	GlobalSection(ProjectConfigurationPlatforms) = postSolution
		{7D33AA1D-5322-49E1-BF89-FD2C0F3804F0}.Debug|Any CPU.ActiveCfg = Debug|Any CPU
		{7D33AA1D-5322-49E1-BF89-FD2C0F3804F0}.Debug|Any CPU.Build.0 = Debug|Any CPU
		{7D33AA1D-5322-49E1-BF89-FD2C0F3804F0}.Release|Any CPU.ActiveCfg = Release|Any CPU
		{7D33AA1D-5322-49E1-BF89-FD2C0F3804F0}.Release|Any CPU.Build.0 = Release|Any CPU
	EndGlobalSection
	GlobalSection(SolutionProperties) = preSolution
		HideSolutionNode = FALSE
	EndGlobalSection
	GlobalSection(ExtensibilityGlobals) = postSolution
		SolutionGuid = {CEA31858-FF8B-4495-AA70-1E3B621AE01A}
	EndGlobalSection
EndGlobal
